
Microsoft Visual Studio Solution File, Format Version 12.00
# Visual Studio Version 17
VisualStudioVersion = 17.12.35707.178 d17.12
MinimumVisualStudioVersion = 10.0.40219.1
Project("{FAE04EC0-301F-11D3-BF4B-00C04F79EFBC}") = "ToDoApp.Server", "ToDoApp.Server\ToDoApp.Server.csproj", "{AED01F98-B1B5-4EE7-8BEA-4CCB963AB749}"
EndProject
Project("{54A90642-561A-4BB1-A94E-469ADEE60C69}") = "todoapp.client", "todoapp.client\todoapp.client.esproj", "{4CC3B7C4-32B7-4806-8A80-E02C0CFFB04B}"
EndProject
Global
	GlobalSection(SolutionConfigurationPlatforms) = preSolution
		Debug|Any CPU = Debug|Any CPU
		Release|Any CPU = Release|Any CPU
	EndGlobalSection
	GlobalSection(ProjectConfigurationPlatforms) = postSolution
		{AED01F98-B1B5-4EE7-8BEA-4CCB963AB749}.Debug|Any CPU.ActiveCfg = Debug|Any CPU
		{AED01F98-B1B5-4EE7-8BEA-4CCB963AB749}.Debug|Any CPU.Build.0 = Debug|Any CPU
		{AED01F98-B1B5-4EE7-8BEA-4CCB963AB749}.Release|Any CPU.ActiveCfg = Release|Any CPU
		{AED01F98-B1B5-4EE7-8BEA-4CCB963AB749}.Release|Any CPU.Build.0 = Release|Any CPU
		{4CC3B7C4-32B7-4806-8A80-E02C0CFFB04B}.Debug|Any CPU.ActiveCfg = Debug|Any CPU
		{4CC3B7C4-32B7-4806-8A80-E02C0CFFB04B}.Debug|Any CPU.Build.0 = Debug|Any CPU
		{4CC3B7C4-32B7-4806-8A80-E02C0CFFB04B}.Debug|Any CPU.Deploy.0 = Debug|Any CPU
		{4CC3B7C4-32B7-4806-8A80-E02C0CFFB04B}.Release|Any CPU.ActiveCfg = Release|Any CPU
		{4CC3B7C4-32B7-4806-8A80-E02C0CFFB04B}.Release|Any CPU.Build.0 = Release|Any CPU
		{4CC3B7C4-32B7-4806-8A80-E02C0CFFB04B}.Release|Any CPU.Deploy.0 = Release|Any CPU
	EndGlobalSection
	GlobalSection(SolutionProperties) = preSolution
		HideSolutionNode = FALSE
	EndGlobalSection
EndGlobal
